
Microsoft Visual Studio Solution File, Format Version 12.00
# Visual Studio Version 16
VisualStudioVersion = 16.0.30907.101
MinimumVisualStudioVersion = 10.0.40219.1
Project("{9A19103F-16F7-4668-BE54-9A1E7A4F7556}") = "EmployeeManagementSystem.Shared", "EmployeeManagementSystem.Shared\EmployeeManagementSystem.Shared.csproj", "{B0D69477-10F9-4A37-83FC-BF0329069208}"
EndProject
Project("{9A19103F-16F7-4668-BE54-9A1E7A4F7556}") = "EmployeeManagementSystem.Data.Shared", "EmployeeManagementSystem.Data.Shared\EmployeeManagementSystem.Data.Shared.csproj", "{957AE167-16EF-499F-8DB7-3771C18A1E76}"
EndProject
Project("{9A19103F-16F7-4668-BE54-9A1E7A4F7556}") = "EmployeeManagementSystem.Data.SQLiteLayer", "EmployeeManagementSystem.Data.SQLiteLayer\EmployeeManagementSystem.Data.SQLiteLayer.csproj", "{0A59E1D1-7F3D-43C2-990C-CD84768D258C}"
EndProject
Project("{9A19103F-16F7-4668-BE54-9A1E7A4F7556}") = "EmployeeManagementSystem.Data.Bootstrapper", "EmployeeManagementSystem.Data.Bootstrapper\EmployeeManagementSystem.Data.Bootstrapper.csproj", "{735E105C-11D7-4705-8D1F-87430E1F98DE}"
EndProject
Project("{9A19103F-16F7-4668-BE54-9A1E7A4F7556}") = "EmployeeManagementSystem.Data.Bootstrapper.CLI", "EmployeeManagementSystem.Data.Bootstrapper.CLI\EmployeeManagementSystem.Data.Bootstrapper.CLI.csproj", "{347FF5E9-11A0-42E8-9FD6-4EC95EFE1690}"
EndProject
Project("{9A19103F-16F7-4668-BE54-9A1E7A4F7556}") = "EmployeeManagementSystem.ReSTapi", "EmployeeManagementSystem.ReSTapi\EmployeeManagementSystem.ReSTapi.csproj", "{2E554E0A-4489-444E-AD3C-77486CE50715}"
EndProject
Project("{9A19103F-16F7-4668-BE54-9A1E7A4F7556}") = "EmployeeManagementSystem.ServerApp", "EmployeeManagementSystem.ServerApp\EmployeeManagementSystem.ServerApp.csproj", "{1CF1F62E-4F79-4EF5-861A-C73B7910AD9A}"
EndProject
Project("{9A19103F-16F7-4668-BE54-9A1E7A4F7556}") = "EmployeeManagementSystem.ADLibs", "EmployeeManagementSystem.ADLibs\EmployeeManagementSystem.ADLibs.csproj", "{C4D2D137-3DCA-4EC0-BB82-C0F27ABE1613}"
EndProject
Project("{9A19103F-16F7-4668-BE54-9A1E7A4F7556}") = "EmployeeManagementSystem.ADConsole", "EmployeeManagementSystem.ADConsole\EmployeeManagementSystem.ADConsole.csproj", "{149C412C-EE4D-4A7C-BE10-A04BC8D521BC}"
EndProject
Project("{FAE04EC0-301F-11D3-BF4B-00C04F79EFBC}") = "EmployeeManagementSystem.ADLibs.Interfaces", "EmployeeManagementSystem.ADLibs.Interfaces\EmployeeManagementSystem.ADLibs.Interfaces.csproj", "{1C2CFE57-88A0-489B-B132-743A22612228}"
EndProject
Global
	GlobalSection(SolutionConfigurationPlatforms) = preSolution
		Debug|Any CPU = Debug|Any CPU
		Release|Any CPU = Release|Any CPU
	EndGlobalSection
	GlobalSection(ProjectConfigurationPlatforms) = postSolution
		{B0D69477-10F9-4A37-83FC-BF0329069208}.Debug|Any CPU.ActiveCfg = Debug|Any CPU
		{B0D69477-10F9-4A37-83FC-BF0329069208}.Debug|Any CPU.Build.0 = Debug|Any CPU
		{B0D69477-10F9-4A37-83FC-BF0329069208}.Release|Any CPU.ActiveCfg = Release|Any CPU
		{B0D69477-10F9-4A37-83FC-BF0329069208}.Release|Any CPU.Build.0 = Release|Any CPU
		{957AE167-16EF-499F-8DB7-3771C18A1E76}.Debug|Any CPU.ActiveCfg = Debug|Any CPU
		{957AE167-16EF-499F-8DB7-3771C18A1E76}.Debug|Any CPU.Build.0 = Debug|Any CPU
		{957AE167-16EF-499F-8DB7-3771C18A1E76}.Release|Any CPU.ActiveCfg = Release|Any CPU
		{957AE167-16EF-499F-8DB7-3771C18A1E76}.Release|Any CPU.Build.0 = Release|Any CPU
		{0A59E1D1-7F3D-43C2-990C-CD84768D258C}.Debug|Any CPU.ActiveCfg = Debug|Any CPU
		{0A59E1D1-7F3D-43C2-990C-CD84768D258C}.Debug|Any CPU.Build.0 = Debug|Any CPU
		{0A59E1D1-7F3D-43C2-990C-CD84768D258C}.Release|Any CPU.ActiveCfg = Release|Any CPU
		{0A59E1D1-7F3D-43C2-990C-CD84768D258C}.Release|Any CPU.Build.0 = Release|Any CPU
		{735E105C-11D7-4705-8D1F-87430E1F98DE}.Debug|Any CPU.ActiveCfg = Debug|Any CPU
		{735E105C-11D7-4705-8D1F-87430E1F98DE}.Debug|Any CPU.Build.0 = Debug|Any CPU
		{735E105C-11D7-4705-8D1F-87430E1F98DE}.Release|Any CPU.ActiveCfg = Release|Any CPU
		{735E105C-11D7-4705-8D1F-87430E1F98DE}.Release|Any CPU.Build.0 = Release|Any CPU
		{347FF5E9-11A0-42E8-9FD6-4EC95EFE1690}.Debug|Any CPU.ActiveCfg = Debug|Any CPU
		{347FF5E9-11A0-42E8-9FD6-4EC95EFE1690}.Debug|Any CPU.Build.0 = Debug|Any CPU
		{347FF5E9-11A0-42E8-9FD6-4EC95EFE1690}.Release|Any CPU.ActiveCfg = Release|Any CPU
		{347FF5E9-11A0-42E8-9FD6-4EC95EFE1690}.Release|Any CPU.Build.0 = Release|Any CPU
		{2E554E0A-4489-444E-AD3C-77486CE50715}.Debug|Any CPU.ActiveCfg = Debug|Any CPU
		{2E554E0A-4489-444E-AD3C-77486CE50715}.Debug|Any CPU.Build.0 = Debug|Any CPU
		{2E554E0A-4489-444E-AD3C-77486CE50715}.Release|Any CPU.ActiveCfg = Release|Any CPU
		{2E554E0A-4489-444E-AD3C-77486CE50715}.Release|Any CPU.Build.0 = Release|Any CPU
		{1CF1F62E-4F79-4EF5-861A-C73B7910AD9A}.Debug|Any CPU.ActiveCfg = Debug|Any CPU
		{1CF1F62E-4F79-4EF5-861A-C73B7910AD9A}.Debug|Any CPU.Build.0 = Debug|Any CPU
		{1CF1F62E-4F79-4EF5-861A-C73B7910AD9A}.Release|Any CPU.ActiveCfg = Release|Any CPU
		{1CF1F62E-4F79-4EF5-861A-C73B7910AD9A}.Release|Any CPU.Build.0 = Release|Any CPU
		{C4D2D137-3DCA-4EC0-BB82-C0F27ABE1613}.Debug|Any CPU.ActiveCfg = Debug|Any CPU
		{C4D2D137-3DCA-4EC0-BB82-C0F27ABE1613}.Debug|Any CPU.Build.0 = Debug|Any CPU
		{C4D2D137-3DCA-4EC0-BB82-C0F27ABE1613}.Release|Any CPU.ActiveCfg = Release|Any CPU
		{C4D2D137-3DCA-4EC0-BB82-C0F27ABE1613}.Release|Any CPU.Build.0 = Release|Any CPU
		{149C412C-EE4D-4A7C-BE10-A04BC8D521BC}.Debug|Any CPU.ActiveCfg = Debug|Any CPU
		{149C412C-EE4D-4A7C-BE10-A04BC8D521BC}.Debug|Any CPU.Build.0 = Debug|Any CPU
		{149C412C-EE4D-4A7C-BE10-A04BC8D521BC}.Release|Any CPU.ActiveCfg = Release|Any CPU
		{149C412C-EE4D-4A7C-BE10-A04BC8D521BC}.Release|Any CPU.Build.0 = Release|Any CPU
		{1C2CFE57-88A0-489B-B132-743A22612228}.Debug|Any CPU.ActiveCfg = Debug|Any CPU
		{1C2CFE57-88A0-489B-B132-743A22612228}.Debug|Any CPU.Build.0 = Debug|Any CPU
		{1C2CFE57-88A0-489B-B132-743A22612228}.Release|Any CPU.ActiveCfg = Release|Any CPU
		{1C2CFE57-88A0-489B-B132-743A22612228}.Release|Any CPU.Build.0 = Release|Any CPU
	EndGlobalSection
	GlobalSection(SolutionProperties) = preSolution
		HideSolutionNode = FALSE
	EndGlobalSection
	GlobalSection(ExtensibilityGlobals) = postSolution
		SolutionGuid = {FC60DC30-E5BA-4541-97BD-0D43B8BD3DFC}
	EndGlobalSection
EndGlobal
