
Microsoft Visual Studio Solution File, Format Version 12.00
# Visual Studio Version 16
VisualStudioVersion = 16.0.31019.35
MinimumVisualStudioVersion = 10.0.40219.1
Project("{FAE04EC0-301F-11D3-BF4B-00C04F79EFBC}") = "RabbitMQTutorials.ConsoleClient", "RabbitMQTutorials.ConsoleClient\RabbitMQTutorials.ConsoleClient.csproj", "{849BBF43-7166-4849-BAD9-F9590F3E7660}"
EndProject
Project("{FAE04EC0-301F-11D3-BF4B-00C04F79EFBC}") = "RabbitMQTutorials.Consumer", "RabbitMQTutorials.Consumer\RabbitMQTutorials.Consumer.csproj", "{B6AB6A55-C28C-44EA-BD5F-BEF2106D1496}"
EndProject
Project("{FAE04EC0-301F-11D3-BF4B-00C04F79EFBC}") = "RabbitMQTutorials.Producer", "RabbitMQTutorials.Producer\RabbitMQTutorials.Producer.csproj", "{260DD391-B28D-49F5-ACA2-36F781536461}"
EndProject
Global
	GlobalSection(SolutionConfigurationPlatforms) = preSolution
		Debug|Any CPU = Debug|Any CPU
		Release|Any CPU = Release|Any CPU
	EndGlobalSection
	GlobalSection(ProjectConfigurationPlatforms) = postSolution
		{849BBF43-7166-4849-BAD9-F9590F3E7660}.Debug|Any CPU.ActiveCfg = Debug|Any CPU
		{849BBF43-7166-4849-BAD9-F9590F3E7660}.Debug|Any CPU.Build.0 = Debug|Any CPU
		{849BBF43-7166-4849-BAD9-F9590F3E7660}.Release|Any CPU.ActiveCfg = Release|Any CPU
		{849BBF43-7166-4849-BAD9-F9590F3E7660}.Release|Any CPU.Build.0 = Release|Any CPU
		{B6AB6A55-C28C-44EA-BD5F-BEF2106D1496}.Debug|Any CPU.ActiveCfg = Debug|Any CPU
		{B6AB6A55-C28C-44EA-BD5F-BEF2106D1496}.Debug|Any CPU.Build.0 = Debug|Any CPU
		{B6AB6A55-C28C-44EA-BD5F-BEF2106D1496}.Release|Any CPU.ActiveCfg = Release|Any CPU
		{B6AB6A55-C28C-44EA-BD5F-BEF2106D1496}.Release|Any CPU.Build.0 = Release|Any CPU
		{260DD391-B28D-49F5-ACA2-36F781536461}.Debug|Any CPU.ActiveCfg = Debug|Any CPU
		{260DD391-B28D-49F5-ACA2-36F781536461}.Debug|Any CPU.Build.0 = Debug|Any CPU
		{260DD391-B28D-49F5-ACA2-36F781536461}.Release|Any CPU.ActiveCfg = Release|Any CPU
		{260DD391-B28D-49F5-ACA2-36F781536461}.Release|Any CPU.Build.0 = Release|Any CPU
	EndGlobalSection
	GlobalSection(SolutionProperties) = preSolution
		HideSolutionNode = FALSE
	EndGlobalSection
	GlobalSection(ExtensibilityGlobals) = postSolution
		SolutionGuid = {CB7B79DE-1BC3-4D2A-9E29-939B87F6A339}
	EndGlobalSection
EndGlobal
