
Microsoft Visual Studio Solution File, Format Version 12.00
# Visual Studio Version 16
VisualStudioVersion = 16.0.29613.14
MinimumVisualStudioVersion = 10.0.40219.1
Project("{FAE04EC0-301F-11D3-BF4B-00C04F79EFBC}") = "TetrisGame.WFP", "TetrisGame.WFP\TetrisGame.WFP.csproj", "{7EC1B914-AD7B-49C5-9806-C6A0051E681E}"
EndProject
Global
	GlobalSection(SolutionConfigurationPlatforms) = preSolution
		Debug|Any CPU = Debug|Any CPU
		Release|Any CPU = Release|Any CPU
	EndGlobalSection
	GlobalSection(ProjectConfigurationPlatforms) = postSolution
		{7EC1B914-AD7B-49C5-9806-C6A0051E681E}.Debug|Any CPU.ActiveCfg = Debug|Any CPU
		{7EC1B914-AD7B-49C5-9806-C6A0051E681E}.Debug|Any CPU.Build.0 = Debug|Any CPU
		{7EC1B914-AD7B-49C5-9806-C6A0051E681E}.Release|Any CPU.ActiveCfg = Release|Any CPU
		{7EC1B914-AD7B-49C5-9806-C6A0051E681E}.Release|Any CPU.Build.0 = Release|Any CPU
	EndGlobalSection
	GlobalSection(SolutionProperties) = preSolution
		HideSolutionNode = FALSE
	EndGlobalSection
	GlobalSection(ExtensibilityGlobals) = postSolution
		SolutionGuid = {9026E960-7FA2-4B28-BB55-963FE898AF3E}
	EndGlobalSection
EndGlobal
